
Microsoft Visual Studio Solution File, Format Version 12.00
# Visual Studio Version 17
VisualStudioVersion = 17.11.35017.193
MinimumVisualStudioVersion = 10.0.40219.1
Project("{2150E333-8FDC-42A3-9474-1A3956D46DE8}") = "Services", "Services", "{FE900876-A915-4C9E-ACD9-EC8C29478014}"
EndProject
Project("{2150E333-8FDC-42A3-9474-1A3956D46DE8}") = "Starter", "Starter", "{33B3DB57-708A-4896-ABB2-2E8F5924FCC3}"
EndProject
Project("{9A19103F-16F7-4668-BE54-9A1E7A4F7556}") = "Starter.API", "Services\Starter\Starter.API\Starter.API.csproj", "{D4A7E280-52FD-4297-9373-AD1ABBF6C1D5}"
EndProject
Project("{9A19103F-16F7-4668-BE54-9A1E7A4F7556}") = "Starter.Domain", "Services\Starter\Starter.Domain\Starter.Domain.csproj", "{28526533-08EE-4E1E-A2B3-A06EDB063B72}"
EndProject
Project("{9A19103F-16F7-4668-BE54-9A1E7A4F7556}") = "Starter.Infrastructure", "Services\Starter\Starter.Infrastructure\Starter.Infrastructure.csproj", "{7342EB85-FF36-4119-A0A9-4232020C647C}"
EndProject
Project("{9A19103F-16F7-4668-BE54-9A1E7A4F7556}") = "Starter.Application", "Services\Starter\Starter.Application\Starter.Application.csproj", "{E7B0A3BE-9F73-49DD-A268-980FDD4D6D65}"
EndProject
Project("{2150E333-8FDC-42A3-9474-1A3956D46DE8}") = "BuildingBlocks", "BuildingBlocks", "{1147347A-6B55-48B3-A701-0EE852EF866D}"
EndProject
Project("{9A19103F-16F7-4668-BE54-9A1E7A4F7556}") = "BuildingBlocks", "BuildingBlocks\BuildingBlocks\BuildingBlocks.csproj", "{4297D883-3C24-4AAB-9E3B-EBA4767C775E}"
EndProject
Project("{2150E333-8FDC-42A3-9474-1A3956D46DE8}") = "Clients", "Clients", "{34636A35-78DA-48CB-B147-A9E874DA98B5}"
EndProject
Project("{9A19103F-16F7-4668-BE54-9A1E7A4F7556}") = "Clients.BlazorWASM", "Clients\Clients.BlazorWASM\Clients.BlazorWASM.csproj", "{30DC4985-18F9-49F8-AC99-36A3EB7FA164}"
EndProject
Project("{9A19103F-16F7-4668-BE54-9A1E7A4F7556}") = "BuildingBlocksClient", "BuildingBlocks\BuildingBlocksClient\BuildingBlocksClient.csproj", "{429510B7-C482-48E8-88B1-2F8B1C22BD66}"
EndProject
Project("{9A19103F-16F7-4668-BE54-9A1E7A4F7556}") = "ApiGateway", "ApiGateway\ApiGateway.csproj", "{900B5FD2-AA9F-471E-93CE-8EBE58D2591D}"
EndProject
Project("{2150E333-8FDC-42A3-9474-1A3956D46DE8}") = "Identity", "Identity", "{EE9E6488-7CC6-4C3F-A214-AB2DDDD19F64}"
EndProject
Project("{9A19103F-16F7-4668-BE54-9A1E7A4F7556}") = "Identity.API", "Services\Identity\Identity.API\Identity.API.csproj", "{09D629BF-4E3B-4007-8318-2554CBA9E6E1}"
EndProject
Project("{2150E333-8FDC-42A3-9474-1A3956D46DE8}") = "Solution Items", "Solution Items", "{A44FDF3A-3C96-49BF-8931-EE52F06B1C65}"
	ProjectSection(SolutionItems) = preProject
		Application.txt = Application.txt
		Blazor.txt = Blazor.txt
		Domain.txt = Domain.txt
		Help.txt = Help.txt
		Infrastructure.txt = Infrastructure.txt
	EndProjectSection
EndProject
Project("{E53339B2-1760-4266-BCC7-CA923CBCF16C}") = "docker-compose", "docker-compose.dcproj", "{7AF6DDDB-5120-4BAC-BD2C-ED00247FE23A}"
EndProject
Project("{2150E333-8FDC-42A3-9474-1A3956D46DE8}") = "BlazorWasmHosted", "BlazorWasmHosted", "{83613BAE-FB02-40D1-852D-42162579449A}"
	ProjectSection(SolutionItems) = preProject
		README.txt = README.txt
	EndProjectSection
EndProject
Project("{FAE04EC0-301F-11D3-BF4B-00C04F79EFBC}") = "Blazor.Server", "Clients\BlazorWasmHosted\Blazor.Server\Blazor.Server.csproj", "{07C62153-5A6A-41F2-BE30-B9F02AD4531C}"
EndProject
Project("{FAE04EC0-301F-11D3-BF4B-00C04F79EFBC}") = "Blazor.Client", "Clients\BlazorWasmHosted\Blazor.Client\Blazor.Client.csproj", "{52FD53DA-3FFC-4A8E-BE47-F455A7D3D08C}"
EndProject
Project("{FAE04EC0-301F-11D3-BF4B-00C04F79EFBC}") = "Blazor.Shared", "Clients\BlazorWasmHosted\Blazor.Shared\Blazor.Shared.csproj", "{FAD1246D-E664-4BE3-BB85-9BE447C2291D}"
EndProject
Global
	GlobalSection(SolutionConfigurationPlatforms) = preSolution
		Debug|Any CPU = Debug|Any CPU
		Release|Any CPU = Release|Any CPU
	EndGlobalSection
	GlobalSection(ProjectConfigurationPlatforms) = postSolution
		{D4A7E280-52FD-4297-9373-AD1ABBF6C1D5}.Debug|Any CPU.ActiveCfg = Debug|Any CPU
		{D4A7E280-52FD-4297-9373-AD1ABBF6C1D5}.Debug|Any CPU.Build.0 = Debug|Any CPU
		{D4A7E280-52FD-4297-9373-AD1ABBF6C1D5}.Release|Any CPU.ActiveCfg = Release|Any CPU
		{D4A7E280-52FD-4297-9373-AD1ABBF6C1D5}.Release|Any CPU.Build.0 = Release|Any CPU
		{28526533-08EE-4E1E-A2B3-A06EDB063B72}.Debug|Any CPU.ActiveCfg = Debug|Any CPU
		{28526533-08EE-4E1E-A2B3-A06EDB063B72}.Debug|Any CPU.Build.0 = Debug|Any CPU
		{28526533-08EE-4E1E-A2B3-A06EDB063B72}.Release|Any CPU.ActiveCfg = Release|Any CPU
		{28526533-08EE-4E1E-A2B3-A06EDB063B72}.Release|Any CPU.Build.0 = Release|Any CPU
		{7342EB85-FF36-4119-A0A9-4232020C647C}.Debug|Any CPU.ActiveCfg = Debug|Any CPU
		{7342EB85-FF36-4119-A0A9-4232020C647C}.Debug|Any CPU.Build.0 = Debug|Any CPU
		{7342EB85-FF36-4119-A0A9-4232020C647C}.Release|Any CPU.ActiveCfg = Release|Any CPU
		{7342EB85-FF36-4119-A0A9-4232020C647C}.Release|Any CPU.Build.0 = Release|Any CPU
		{E7B0A3BE-9F73-49DD-A268-980FDD4D6D65}.Debug|Any CPU.ActiveCfg = Debug|Any CPU
		{E7B0A3BE-9F73-49DD-A268-980FDD4D6D65}.Debug|Any CPU.Build.0 = Debug|Any CPU
		{E7B0A3BE-9F73-49DD-A268-980FDD4D6D65}.Release|Any CPU.ActiveCfg = Release|Any CPU
		{E7B0A3BE-9F73-49DD-A268-980FDD4D6D65}.Release|Any CPU.Build.0 = Release|Any CPU
		{4297D883-3C24-4AAB-9E3B-EBA4767C775E}.Debug|Any CPU.ActiveCfg = Debug|Any CPU
		{4297D883-3C24-4AAB-9E3B-EBA4767C775E}.Debug|Any CPU.Build.0 = Debug|Any CPU
		{4297D883-3C24-4AAB-9E3B-EBA4767C775E}.Release|Any CPU.ActiveCfg = Release|Any CPU
		{4297D883-3C24-4AAB-9E3B-EBA4767C775E}.Release|Any CPU.Build.0 = Release|Any CPU
		{30DC4985-18F9-49F8-AC99-36A3EB7FA164}.Debug|Any CPU.ActiveCfg = Debug|Any CPU
		{30DC4985-18F9-49F8-AC99-36A3EB7FA164}.Debug|Any CPU.Build.0 = Debug|Any CPU
		{30DC4985-18F9-49F8-AC99-36A3EB7FA164}.Release|Any CPU.ActiveCfg = Release|Any CPU
		{30DC4985-18F9-49F8-AC99-36A3EB7FA164}.Release|Any CPU.Build.0 = Release|Any CPU
		{429510B7-C482-48E8-88B1-2F8B1C22BD66}.Debug|Any CPU.ActiveCfg = Debug|Any CPU
		{429510B7-C482-48E8-88B1-2F8B1C22BD66}.Debug|Any CPU.Build.0 = Debug|Any CPU
		{429510B7-C482-48E8-88B1-2F8B1C22BD66}.Release|Any CPU.ActiveCfg = Release|Any CPU
		{429510B7-C482-48E8-88B1-2F8B1C22BD66}.Release|Any CPU.Build.0 = Release|Any CPU
		{900B5FD2-AA9F-471E-93CE-8EBE58D2591D}.Debug|Any CPU.ActiveCfg = Debug|Any CPU
		{900B5FD2-AA9F-471E-93CE-8EBE58D2591D}.Debug|Any CPU.Build.0 = Debug|Any CPU
		{900B5FD2-AA9F-471E-93CE-8EBE58D2591D}.Release|Any CPU.ActiveCfg = Release|Any CPU
		{900B5FD2-AA9F-471E-93CE-8EBE58D2591D}.Release|Any CPU.Build.0 = Release|Any CPU
		{09D629BF-4E3B-4007-8318-2554CBA9E6E1}.Debug|Any CPU.ActiveCfg = Debug|Any CPU
		{09D629BF-4E3B-4007-8318-2554CBA9E6E1}.Debug|Any CPU.Build.0 = Debug|Any CPU
		{09D629BF-4E3B-4007-8318-2554CBA9E6E1}.Release|Any CPU.ActiveCfg = Release|Any CPU
		{09D629BF-4E3B-4007-8318-2554CBA9E6E1}.Release|Any CPU.Build.0 = Release|Any CPU
		{7AF6DDDB-5120-4BAC-BD2C-ED00247FE23A}.Debug|Any CPU.ActiveCfg = Debug|Any CPU
		{7AF6DDDB-5120-4BAC-BD2C-ED00247FE23A}.Debug|Any CPU.Build.0 = Debug|Any CPU
		{7AF6DDDB-5120-4BAC-BD2C-ED00247FE23A}.Release|Any CPU.ActiveCfg = Release|Any CPU
		{7AF6DDDB-5120-4BAC-BD2C-ED00247FE23A}.Release|Any CPU.Build.0 = Release|Any CPU
		{07C62153-5A6A-41F2-BE30-B9F02AD4531C}.Debug|Any CPU.ActiveCfg = Debug|Any CPU
		{07C62153-5A6A-41F2-BE30-B9F02AD4531C}.Debug|Any CPU.Build.0 = Debug|Any CPU
		{07C62153-5A6A-41F2-BE30-B9F02AD4531C}.Release|Any CPU.ActiveCfg = Release|Any CPU
		{07C62153-5A6A-41F2-BE30-B9F02AD4531C}.Release|Any CPU.Build.0 = Release|Any CPU
		{52FD53DA-3FFC-4A8E-BE47-F455A7D3D08C}.Debug|Any CPU.ActiveCfg = Debug|Any CPU
		{52FD53DA-3FFC-4A8E-BE47-F455A7D3D08C}.Debug|Any CPU.Build.0 = Debug|Any CPU
		{52FD53DA-3FFC-4A8E-BE47-F455A7D3D08C}.Release|Any CPU.ActiveCfg = Release|Any CPU
		{52FD53DA-3FFC-4A8E-BE47-F455A7D3D08C}.Release|Any CPU.Build.0 = Release|Any CPU
		{FAD1246D-E664-4BE3-BB85-9BE447C2291D}.Debug|Any CPU.ActiveCfg = Debug|Any CPU
		{FAD1246D-E664-4BE3-BB85-9BE447C2291D}.Debug|Any CPU.Build.0 = Debug|Any CPU
		{FAD1246D-E664-4BE3-BB85-9BE447C2291D}.Release|Any CPU.ActiveCfg = Release|Any CPU
		{FAD1246D-E664-4BE3-BB85-9BE447C2291D}.Release|Any CPU.Build.0 = Release|Any CPU
	EndGlobalSection
	GlobalSection(SolutionProperties) = preSolution
		HideSolutionNode = FALSE
	EndGlobalSection
	GlobalSection(NestedProjects) = preSolution
		{33B3DB57-708A-4896-ABB2-2E8F5924FCC3} = {FE900876-A915-4C9E-ACD9-EC8C29478014}
		{D4A7E280-52FD-4297-9373-AD1ABBF6C1D5} = {33B3DB57-708A-4896-ABB2-2E8F5924FCC3}
		{28526533-08EE-4E1E-A2B3-A06EDB063B72} = {33B3DB57-708A-4896-ABB2-2E8F5924FCC3}
		{7342EB85-FF36-4119-A0A9-4232020C647C} = {33B3DB57-708A-4896-ABB2-2E8F5924FCC3}
		{E7B0A3BE-9F73-49DD-A268-980FDD4D6D65} = {33B3DB57-708A-4896-ABB2-2E8F5924FCC3}
		{4297D883-3C24-4AAB-9E3B-EBA4767C775E} = {1147347A-6B55-48B3-A701-0EE852EF866D}
		{30DC4985-18F9-49F8-AC99-36A3EB7FA164} = {34636A35-78DA-48CB-B147-A9E874DA98B5}
		{429510B7-C482-48E8-88B1-2F8B1C22BD66} = {1147347A-6B55-48B3-A701-0EE852EF866D}
		{EE9E6488-7CC6-4C3F-A214-AB2DDDD19F64} = {FE900876-A915-4C9E-ACD9-EC8C29478014}
		{09D629BF-4E3B-4007-8318-2554CBA9E6E1} = {EE9E6488-7CC6-4C3F-A214-AB2DDDD19F64}
		{83613BAE-FB02-40D1-852D-42162579449A} = {34636A35-78DA-48CB-B147-A9E874DA98B5}
		{07C62153-5A6A-41F2-BE30-B9F02AD4531C} = {83613BAE-FB02-40D1-852D-42162579449A}
		{52FD53DA-3FFC-4A8E-BE47-F455A7D3D08C} = {83613BAE-FB02-40D1-852D-42162579449A}
		{FAD1246D-E664-4BE3-BB85-9BE447C2291D} = {83613BAE-FB02-40D1-852D-42162579449A}
	EndGlobalSection
	GlobalSection(ExtensibilityGlobals) = postSolution
		SolutionGuid = {A0B44760-3274-4866-92C7-ADADEA9C1ED0}
	EndGlobalSection
EndGlobal
